
Microsoft Visual Studio Solution File, Format Version 12.00
# Visual Studio Version 17
VisualStudioVersion = 17.10.34818.151
MinimumVisualStudioVersion = 10.0.40219.1
Project("{9A19103F-16F7-4668-BE54-9A1E7A4F7556}") = "Example.Application", "src\Example.Application\Example.Application.csproj", "{256DFF7A-C050-4928-AFE1-48CE515756DA}"
EndProject
Project("{9A19103F-16F7-4668-BE54-9A1E7A4F7556}") = "Example.Domain", "src\Example.Domain\Example.Domain.csproj", "{3D4EC647-584C-4B6B-ABEF-8D7B0726EDBD}"
EndProject
Project("{9A19103F-16F7-4668-BE54-9A1E7A4F7556}") = "Example.Data", "src\Example.Data\Example.Data.csproj", "{C93FDA29-C5C2-40EB-BF86-38425BCC82F8}"
EndProject
Project("{9A19103F-16F7-4668-BE54-9A1E7A4F7556}") = "Example.Infrastructure", "src\Example.Infrastructure\Example.Infrastructure.csproj", "{714BAE54-6815-4501-92C7-33C17F6C2A1B}"
EndProject
Global
	GlobalSection(SolutionConfigurationPlatforms) = preSolution
		Debug|Any CPU = Debug|Any CPU
		Release|Any CPU = Release|Any CPU
	EndGlobalSection
	GlobalSection(ProjectConfigurationPlatforms) = postSolution
		{256DFF7A-C050-4928-AFE1-48CE515756DA}.Debug|Any CPU.ActiveCfg = Debug|Any CPU
		{256DFF7A-C050-4928-AFE1-48CE515756DA}.Debug|Any CPU.Build.0 = Debug|Any CPU
		{256DFF7A-C050-4928-AFE1-48CE515756DA}.Release|Any CPU.ActiveCfg = Release|Any CPU
		{256DFF7A-C050-4928-AFE1-48CE515756DA}.Release|Any CPU.Build.0 = Release|Any CPU
		{3D4EC647-584C-4B6B-ABEF-8D7B0726EDBD}.Debug|Any CPU.ActiveCfg = Debug|Any CPU
		{3D4EC647-584C-4B6B-ABEF-8D7B0726EDBD}.Debug|Any CPU.Build.0 = Debug|Any CPU
		{3D4EC647-584C-4B6B-ABEF-8D7B0726EDBD}.Release|Any CPU.ActiveCfg = Release|Any CPU
		{3D4EC647-584C-4B6B-ABEF-8D7B0726EDBD}.Release|Any CPU.Build.0 = Release|Any CPU
		{C93FDA29-C5C2-40EB-BF86-38425BCC82F8}.Debug|Any CPU.ActiveCfg = Debug|Any CPU
		{C93FDA29-C5C2-40EB-BF86-38425BCC82F8}.Debug|Any CPU.Build.0 = Debug|Any CPU
		{C93FDA29-C5C2-40EB-BF86-38425BCC82F8}.Release|Any CPU.ActiveCfg = Release|Any CPU
		{C93FDA29-C5C2-40EB-BF86-38425BCC82F8}.Release|Any CPU.Build.0 = Release|Any CPU
		{714BAE54-6815-4501-92C7-33C17F6C2A1B}.Debug|Any CPU.ActiveCfg = Debug|Any CPU
		{714BAE54-6815-4501-92C7-33C17F6C2A1B}.Debug|Any CPU.Build.0 = Debug|Any CPU
		{714BAE54-6815-4501-92C7-33C17F6C2A1B}.Release|Any CPU.ActiveCfg = Release|Any CPU
		{714BAE54-6815-4501-92C7-33C17F6C2A1B}.Release|Any CPU.Build.0 = Release|Any CPU
	EndGlobalSection
	GlobalSection(SolutionProperties) = preSolution
		HideSolutionNode = FALSE
	EndGlobalSection
	GlobalSection(ExtensibilityGlobals) = postSolution
		SolutionGuid = {2D4E1BE3-EE48-458A-A61B-7366DE0861F1}
	EndGlobalSection
EndGlobal
